// !$*UTF8*$!
{
	archiveVersion = 1;
	classes = {
	};
	objectVersion = 46;
	objects = {

/* Begin PBXBuildFile section */
		026274F1214C6BF000AE1BDF /* SceneDelegate.swift in Sources */ = {isa = PBXBuildFile; fileRef = 026274F0214C6BF000AE1BDF /* SceneDelegate.swift */; };
		719756B3279C7EC500402E07 /* netfox_ios.framework in Frameworks */ = {isa = PBXBuildFile; fileRef = B3BC020F1C09CDA000C17F3A /* netfox_ios.framework */; };
		719756B4279C7EC500402E07 /* netfox_ios.framework in Embed Frameworks */ = {isa = PBXBuildFile; fileRef = B3BC020F1C09CDA000C17F3A /* netfox_ios.framework */; settings = {ATTRIBUTES = (CodeSignOnCopy, RemoveHeadersOnCopy, ); }; };
		8229AD651F8FB34300A9D613 /* AppDelegate.swift in Sources */ = {isa = PBXBuildFile; fileRef = 8229AD641F8FB34300A9D613 /* AppDelegate.swift */; };
		AB0000000000000000000050 /* Scenario.swift in Sources */ = {isa = PBXBuildFile; fileRef = AB0000000000000000000040 /* Scenario.swift */; };
		AB0000000000000000000051 /* ScenarioRunner.swift in Sources */ = {isa = PBXBuildFile; fileRef = AB0000000000000000000041 /* ScenarioRunner.swift */; };
		AB0000000000000000000052 /* ScenariosView.swift in Sources */ = {isa = PBXBuildFile; fileRef = AB0000000000000000000042 /* ScenariosView.swift */; };
		8229AD6C1F8FB34300A9D613 /* Assets.xcassets in Resources */ = {isa = PBXBuildFile; fileRef = 8229AD6B1F8FB34300A9D613 /* Assets.xcassets */; };
		9B0000000000000000000011 /* NFX.swift in Sources */ = {isa = PBXBuildFile; fileRef = 8A0000000000000000000001 /* NFX.swift */; };
		9B0000000000000000000012 /* NFX.swift in Sources */ = {isa = PBXBuildFile; fileRef = 8A0000000000000000000001 /* NFX.swift */; };
		9B0000000000000000000021 /* NFXAuthenticationChallengeSender.swift in Sources */ = {isa = PBXBuildFile; fileRef = 8A0000000000000000000002 /* NFXAuthenticationChallengeSender.swift */; };
		9B0000000000000000000022 /* NFXAuthenticationChallengeSender.swift in Sources */ = {isa = PBXBuildFile; fileRef = 8A0000000000000000000002 /* NFXAuthenticationChallengeSender.swift */; };
		9B0000000000000000000031 /* NFXContent.swift in Sources */ = {isa = PBXBuildFile; fileRef = 8A0000000000000000000003 /* NFXContent.swift */; };
		9B0000000000000000000032 /* NFXContent.swift in Sources */ = {isa = PBXBuildFile; fileRef = 8A0000000000000000000003 /* NFXContent.swift */; };
		9B0000000000000000000041 /* NFXHelper.swift in Sources */ = {isa = PBXBuildFile; fileRef = 8A0000000000000000000004 /* NFXHelper.swift */; };
		9B0000000000000000000042 /* NFXHelper.swift in Sources */ = {isa = PBXBuildFile; fileRef = 8A0000000000000000000004 /* NFXHelper.swift */; };
		9B0000000000000000000051 /* NFXHelper_iOS.swift in Sources */ = {isa = PBXBuildFile; fileRef = 8A0000000000000000000005 /* NFXHelper_iOS.swift */; };
		9B0000000000000000000052 /* NFXHelper_iOS.swift in Sources */ = {isa = PBXBuildFile; fileRef = 8A0000000000000000000005 /* NFXHelper_iOS.swift */; };
		9B0000000000000000000061 /* NFXHTTPModel.swift in Sources */ = {isa = PBXBuildFile; fileRef = 8A0000000000000000000006 /* NFXHTTPModel.swift */; };
		9B0000000000000000000062 /* NFXHTTPModel.swift in Sources */ = {isa = PBXBuildFile; fileRef = 8A0000000000000000000006 /* NFXHTTPModel.swift */; };
		9B0000000000000000000071 /* NFXHTTPModelManager.swift in Sources */ = {isa = PBXBuildFile; fileRef = 8A0000000000000000000007 /* NFXHTTPModelManager.swift */; };
		9B0000000000000000000072 /* NFXHTTPModelManager.swift in Sources */ = {isa = PBXBuildFile; fileRef = 8A0000000000000000000007 /* NFXHTTPModelManager.swift */; };
		9B0000000000000000000081 /* NFXMockServer.swift in Sources */ = {isa = PBXBuildFile; fileRef = 8A0000000000000000000008 /* NFXMockServer.swift */; };
		9B0000000000000000000082 /* NFXMockServer.swift in Sources */ = {isa = PBXBuildFile; fileRef = 8A0000000000000000000008 /* NFXMockServer.swift */; };
		9B0000000000000000000091 /* NFXProtocol.swift in Sources */ = {isa = PBXBuildFile; fileRef = 8A0000000000000000000009 /* NFXProtocol.swift */; };
		9B0000000000000000000092 /* NFXProtocol.swift in Sources */ = {isa = PBXBuildFile; fileRef = 8A0000000000000000000009 /* NFXProtocol.swift */; };
		9B0000000000000000000101 /* NFXStore.swift in Sources */ = {isa = PBXBuildFile; fileRef = 8A0000000000000000000010 /* NFXStore.swift */; };
		9B0000000000000000000102 /* NFXStore.swift in Sources */ = {isa = PBXBuildFile; fileRef = 8A0000000000000000000010 /* NFXStore.swift */; };
		9B0000000000000000000111 /* NetfoxView.swift in Sources */ = {isa = PBXBuildFile; fileRef = 8A0000000000000000000011 /* NetfoxView.swift */; };
		9B0000000000000000000112 /* NetfoxView.swift in Sources */ = {isa = PBXBuildFile; fileRef = 8A0000000000000000000011 /* NetfoxView.swift */; };
		9B0000000000000000000121 /* NFXBodyView.swift in Sources */ = {isa = PBXBuildFile; fileRef = 8A0000000000000000000012 /* NFXBodyView.swift */; };
		9B0000000000000000000122 /* NFXBodyView.swift in Sources */ = {isa = PBXBuildFile; fileRef = 8A0000000000000000000012 /* NFXBodyView.swift */; };
		9B0000000000000000000131 /* NFXDetailsView.swift in Sources */ = {isa = PBXBuildFile; fileRef = 8A0000000000000000000013 /* NFXDetailsView.swift */; };
		9B0000000000000000000132 /* NFXDetailsView.swift in Sources */ = {isa = PBXBuildFile; fileRef = 8A0000000000000000000013 /* NFXDetailsView.swift */; };
		9B0000000000000000000141 /* NFXEmptyStateView.swift in Sources */ = {isa = PBXBuildFile; fileRef = 8A0000000000000000000014 /* NFXEmptyStateView.swift */; };
		9B0000000000000000000142 /* NFXEmptyStateView.swift in Sources */ = {isa = PBXBuildFile; fileRef = 8A0000000000000000000014 /* NFXEmptyStateView.swift */; };
		9B0000000000000000000151 /* NFXInfoView.swift in Sources */ = {isa = PBXBuildFile; fileRef = 8A0000000000000000000015 /* NFXInfoView.swift */; };
		9B0000000000000000000152 /* NFXInfoView.swift in Sources */ = {isa = PBXBuildFile; fileRef = 8A0000000000000000000015 /* NFXInfoView.swift */; };
		9B0000000000000000000161 /* NFXNavigationContainer.swift in Sources */ = {isa = PBXBuildFile; fileRef = 8A0000000000000000000016 /* NFXNavigationContainer.swift */; };
		9B0000000000000000000162 /* NFXNavigationContainer.swift in Sources */ = {isa = PBXBuildFile; fileRef = 8A0000000000000000000016 /* NFXNavigationContainer.swift */; };
		9B0000000000000000000171 /* NFXQueryItemsView.swift in Sources */ = {isa = PBXBuildFile; fileRef = 8A0000000000000000000017 /* NFXQueryItemsView.swift */; };
		9B0000000000000000000172 /* NFXQueryItemsView.swift in Sources */ = {isa = PBXBuildFile; fileRef = 8A0000000000000000000017 /* NFXQueryItemsView.swift */; };
		9B0000000000000000000181 /* NFXRequestListView.swift in Sources */ = {isa = PBXBuildFile; fileRef = 8A0000000000000000000018 /* NFXRequestListView.swift */; };
		9B0000000000000000000182 /* NFXRequestListView.swift in Sources */ = {isa = PBXBuildFile; fileRef = 8A0000000000000000000018 /* NFXRequestListView.swift */; };
		9B0000000000000000000191 /* NFXRequestRowView.swift in Sources */ = {isa = PBXBuildFile; fileRef = 8A0000000000000000000019 /* NFXRequestRowView.swift */; };
		9B0000000000000000000192 /* NFXRequestRowView.swift in Sources */ = {isa = PBXBuildFile; fileRef = 8A0000000000000000000019 /* NFXRequestRowView.swift */; };
		9B0000000000000000000201 /* NFXSettingsView.swift in Sources */ = {isa = PBXBuildFile; fileRef = 8A0000000000000000000020 /* NFXSettingsView.swift */; };
		9B0000000000000000000202 /* NFXSettingsView.swift in Sources */ = {isa = PBXBuildFile; fileRef = 8A0000000000000000000020 /* NFXSettingsView.swift */; };
		9B0000000000000000000211 /* NFXStatisticsView.swift in Sources */ = {isa = PBXBuildFile; fileRef = 8A0000000000000000000021 /* NFXStatisticsView.swift */; };
		9B0000000000000000000212 /* NFXStatisticsView.swift in Sources */ = {isa = PBXBuildFile; fileRef = 8A0000000000000000000021 /* NFXStatisticsView.swift */; };
		9B0000000000000000000221 /* NFXTheme.swift in Sources */ = {isa = PBXBuildFile; fileRef = 8A0000000000000000000022 /* NFXTheme.swift */; };
		9B0000000000000000000222 /* NFXTheme.swift in Sources */ = {isa = PBXBuildFile; fileRef = 8A0000000000000000000022 /* NFXTheme.swift */; };
		9B0000000000000000000231 /* NFXComponents.swift in Sources */ = {isa = PBXBuildFile; fileRef = 8A0000000000000000000023 /* NFXComponents.swift */; };
		9B0000000000000000000232 /* NFXComponents.swift in Sources */ = {isa = PBXBuildFile; fileRef = 8A0000000000000000000023 /* NFXComponents.swift */; };
		9B0000000000000000000241 /* NFXSharing.swift in Sources */ = {isa = PBXBuildFile; fileRef = 8A0000000000000000000024 /* NFXSharing.swift */; };
		9B0000000000000000000242 /* NFXSharing.swift in Sources */ = {isa = PBXBuildFile; fileRef = 8A0000000000000000000024 /* NFXSharing.swift */; };
		9B0000000000000000000251 /* NFXMacRootView.swift in Sources */ = {isa = PBXBuildFile; fileRef = 8A0000000000000000000025 /* NFXMacRootView.swift */; };
		9B0000000000000000000252 /* NFXMacRootView.swift in Sources */ = {isa = PBXBuildFile; fileRef = 8A0000000000000000000025 /* NFXMacRootView.swift */; };
		9B0000000000000000000261 /* NFXMacWindowController.swift in Sources */ = {isa = PBXBuildFile; fileRef = 8A0000000000000000000026 /* NFXMacWindowController.swift */; };
		9B0000000000000000000262 /* NFXMacWindowController.swift in Sources */ = {isa = PBXBuildFile; fileRef = 8A0000000000000000000026 /* NFXMacWindowController.swift */; };
		AB0000000000000000000002 /* DemoRootView.swift in Sources */ = {isa = PBXBuildFile; fileRef = AB0000000000000000000001 /* DemoRootView.swift */; };
/* End PBXBuildFile section */

/* Begin PBXContainerItemProxy section */
		8229AD741F8FB37000A9D613 /* PBXContainerItemProxy */ = {
			isa = PBXContainerItemProxy;
			containerPortal = B3BC02061C09CDA000C17F3A /* Project object */;
			proxyType = 1;
			remoteGlobalIDString = B3BC020E1C09CDA000C17F3A;
			remoteInfo = netfox_ios;
		};
/* End PBXContainerItemProxy section */

/* Begin PBXCopyFilesBuildPhase section */
		719756B5279C7EC500402E07 /* Embed Frameworks */ = {
			isa = PBXCopyFilesBuildPhase;
			buildActionMask = 2147483647;
			dstPath = "";
			dstSubfolderSpec = 10;
			files = (
				719756B4279C7EC500402E07 /* netfox_ios.framework in Embed Frameworks */,
			);
			name = "Embed Frameworks";
			runOnlyForDeploymentPostprocessing = 0;
		};
/* End PBXCopyFilesBuildPhase section */

/* Begin PBXFileReference section */
		026274F0214C6BF000AE1BDF /* SceneDelegate.swift */ = {isa = PBXFileReference; fileEncoding = 4; lastKnownFileType = sourcecode.swift; path = SceneDelegate.swift; sourceTree = "<group>"; };
		8229AD621F8FB34300A9D613 /* netfox_ios_demo.app */ = {isa = PBXFileReference; explicitFileType = wrapper.application; includeInIndex = 0; path = netfox_ios_demo.app; sourceTree = BUILT_PRODUCTS_DIR; };
		8229AD641F8FB34300A9D613 /* AppDelegate.swift */ = {isa = PBXFileReference; lastKnownFileType = sourcecode.swift; path = AppDelegate.swift; sourceTree = "<group>"; };
		AB0000000000000000000040 /* Scenario.swift */ = {isa = PBXFileReference; fileEncoding = 4; lastKnownFileType = sourcecode.swift; path = Scenario.swift; sourceTree = "<group>"; };
		AB0000000000000000000041 /* ScenarioRunner.swift */ = {isa = PBXFileReference; fileEncoding = 4; lastKnownFileType = sourcecode.swift; path = ScenarioRunner.swift; sourceTree = "<group>"; };
		AB0000000000000000000042 /* ScenariosView.swift */ = {isa = PBXFileReference; fileEncoding = 4; lastKnownFileType = sourcecode.swift; path = ScenariosView.swift; sourceTree = "<group>"; };
		8229AD6B1F8FB34300A9D613 /* Assets.xcassets */ = {isa = PBXFileReference; lastKnownFileType = folder.assetcatalog; path = Assets.xcassets; sourceTree = "<group>"; };
		8229AD701F8FB34300A9D613 /* Info.plist */ = {isa = PBXFileReference; lastKnownFileType = text.plist.xml; path = Info.plist; sourceTree = "<group>"; };
		B3BC020F1C09CDA000C17F3A /* netfox_ios.framework */ = {isa = PBXFileReference; explicitFileType = wrapper.framework; includeInIndex = 0; path = netfox_ios.framework; sourceTree = BUILT_PRODUCTS_DIR; };
		E20FD2E91C6912D400DCFF61 /* netfox_osx.framework */ = {isa = PBXFileReference; explicitFileType = wrapper.framework; includeInIndex = 0; path = netfox_osx.framework; sourceTree = BUILT_PRODUCTS_DIR; };
		8A0000000000000000000001 /* NFX.swift */ = {isa = PBXFileReference; fileEncoding = 4; lastKnownFileType = sourcecode.swift; path = NFX.swift; sourceTree = "<group>"; };
		8A0000000000000000000002 /* NFXAuthenticationChallengeSender.swift */ = {isa = PBXFileReference; fileEncoding = 4; lastKnownFileType = sourcecode.swift; path = NFXAuthenticationChallengeSender.swift; sourceTree = "<group>"; };
		8A0000000000000000000003 /* NFXContent.swift */ = {isa = PBXFileReference; fileEncoding = 4; lastKnownFileType = sourcecode.swift; path = NFXContent.swift; sourceTree = "<group>"; };
		8A0000000000000000000004 /* NFXHelper.swift */ = {isa = PBXFileReference; fileEncoding = 4; lastKnownFileType = sourcecode.swift; path = NFXHelper.swift; sourceTree = "<group>"; };
		8A0000000000000000000005 /* NFXHelper_iOS.swift */ = {isa = PBXFileReference; fileEncoding = 4; lastKnownFileType = sourcecode.swift; path = NFXHelper_iOS.swift; sourceTree = "<group>"; };
		8A0000000000000000000006 /* NFXHTTPModel.swift */ = {isa = PBXFileReference; fileEncoding = 4; lastKnownFileType = sourcecode.swift; path = NFXHTTPModel.swift; sourceTree = "<group>"; };
		8A0000000000000000000007 /* NFXHTTPModelManager.swift */ = {isa = PBXFileReference; fileEncoding = 4; lastKnownFileType = sourcecode.swift; path = NFXHTTPModelManager.swift; sourceTree = "<group>"; };
		8A0000000000000000000008 /* NFXMockServer.swift */ = {isa = PBXFileReference; fileEncoding = 4; lastKnownFileType = sourcecode.swift; path = NFXMockServer.swift; sourceTree = "<group>"; };
		8A0000000000000000000009 /* NFXProtocol.swift */ = {isa = PBXFileReference; fileEncoding = 4; lastKnownFileType = sourcecode.swift; path = NFXProtocol.swift; sourceTree = "<group>"; };
		8A0000000000000000000010 /* NFXStore.swift */ = {isa = PBXFileReference; fileEncoding = 4; lastKnownFileType = sourcecode.swift; path = NFXStore.swift; sourceTree = "<group>"; };
		8A0000000000000000000011 /* NetfoxView.swift */ = {isa = PBXFileReference; fileEncoding = 4; lastKnownFileType = sourcecode.swift; path = NetfoxView.swift; sourceTree = "<group>"; };
		8A0000000000000000000012 /* NFXBodyView.swift */ = {isa = PBXFileReference; fileEncoding = 4; lastKnownFileType = sourcecode.swift; path = NFXBodyView.swift; sourceTree = "<group>"; };
		8A0000000000000000000013 /* NFXDetailsView.swift */ = {isa = PBXFileReference; fileEncoding = 4; lastKnownFileType = sourcecode.swift; path = NFXDetailsView.swift; sourceTree = "<group>"; };
		8A0000000000000000000014 /* NFXEmptyStateView.swift */ = {isa = PBXFileReference; fileEncoding = 4; lastKnownFileType = sourcecode.swift; path = NFXEmptyStateView.swift; sourceTree = "<group>"; };
		8A0000000000000000000015 /* NFXInfoView.swift */ = {isa = PBXFileReference; fileEncoding = 4; lastKnownFileType = sourcecode.swift; path = NFXInfoView.swift; sourceTree = "<group>"; };
		8A0000000000000000000016 /* NFXNavigationContainer.swift */ = {isa = PBXFileReference; fileEncoding = 4; lastKnownFileType = sourcecode.swift; path = NFXNavigationContainer.swift; sourceTree = "<group>"; };
		8A0000000000000000000017 /* NFXQueryItemsView.swift */ = {isa = PBXFileReference; fileEncoding = 4; lastKnownFileType = sourcecode.swift; path = NFXQueryItemsView.swift; sourceTree = "<group>"; };
		8A0000000000000000000018 /* NFXRequestListView.swift */ = {isa = PBXFileReference; fileEncoding = 4; lastKnownFileType = sourcecode.swift; path = NFXRequestListView.swift; sourceTree = "<group>"; };
		8A0000000000000000000019 /* NFXRequestRowView.swift */ = {isa = PBXFileReference; fileEncoding = 4; lastKnownFileType = sourcecode.swift; path = NFXRequestRowView.swift; sourceTree = "<group>"; };
		8A0000000000000000000020 /* NFXSettingsView.swift */ = {isa = PBXFileReference; fileEncoding = 4; lastKnownFileType = sourcecode.swift; path = NFXSettingsView.swift; sourceTree = "<group>"; };
		8A0000000000000000000021 /* NFXStatisticsView.swift */ = {isa = PBXFileReference; fileEncoding = 4; lastKnownFileType = sourcecode.swift; path = NFXStatisticsView.swift; sourceTree = "<group>"; };
		8A0000000000000000000022 /* NFXTheme.swift */ = {isa = PBXFileReference; fileEncoding = 4; lastKnownFileType = sourcecode.swift; path = NFXTheme.swift; sourceTree = "<group>"; };
		8A0000000000000000000023 /* NFXComponents.swift */ = {isa = PBXFileReference; fileEncoding = 4; lastKnownFileType = sourcecode.swift; path = NFXComponents.swift; sourceTree = "<group>"; };
		8A0000000000000000000024 /* NFXSharing.swift */ = {isa = PBXFileReference; fileEncoding = 4; lastKnownFileType = sourcecode.swift; path = NFXSharing.swift; sourceTree = "<group>"; };
		8A0000000000000000000025 /* NFXMacRootView.swift */ = {isa = PBXFileReference; fileEncoding = 4; lastKnownFileType = sourcecode.swift; path = NFXMacRootView.swift; sourceTree = "<group>"; };
		8A0000000000000000000026 /* NFXMacWindowController.swift */ = {isa = PBXFileReference; fileEncoding = 4; lastKnownFileType = sourcecode.swift; path = NFXMacWindowController.swift; sourceTree = "<group>"; };
		AB0000000000000000000001 /* DemoRootView.swift */ = {isa = PBXFileReference; fileEncoding = 4; lastKnownFileType = sourcecode.swift; path = DemoRootView.swift; sourceTree = "<group>"; };
/* End PBXFileReference section */

/* Begin PBXFrameworksBuildPhase section */
		8229AD5F1F8FB34300A9D613 /* Frameworks */ = {
			isa = PBXFrameworksBuildPhase;
			buildActionMask = 2147483647;
			files = (
				719756B3279C7EC500402E07 /* netfox_ios.framework in Frameworks */,
			);
			runOnlyForDeploymentPostprocessing = 0;
		};
		B3BC020B1C09CDA000C17F3A /* Frameworks */ = {
			isa = PBXFrameworksBuildPhase;
			buildActionMask = 2147483647;
			files = (
			);
			runOnlyForDeploymentPostprocessing = 0;
		};
		E20FD2E51C6912D400DCFF61 /* Frameworks */ = {
			isa = PBXFrameworksBuildPhase;
			buildActionMask = 2147483647;
			files = (
			);
			runOnlyForDeploymentPostprocessing = 0;
		};
/* End PBXFrameworksBuildPhase section */

/* Begin PBXGroup section */
		8229AD631F8FB34300A9D613 /* netfox_ios_demo */ = {
			isa = PBXGroup;
			children = (
				8229AD641F8FB34300A9D613 /* AppDelegate.swift */,
				AB0000000000000000000040 /* Scenario.swift */,
				AB0000000000000000000041 /* ScenarioRunner.swift */,
				AB0000000000000000000042 /* ScenariosView.swift */,
				8229AD6B1F8FB34300A9D613 /* Assets.xcassets */,
				8229AD701F8FB34300A9D613 /* Info.plist */,
				AB0000000000000000000001 /* DemoRootView.swift */,
				026274F0214C6BF000AE1BDF /* SceneDelegate.swift */,
			);
			path = netfox_ios_demo;
			sourceTree = "<group>";
		};
		8229AD761F8FB4B500A9D613 /* Frameworks */ = {
			isa = PBXGroup;
			children = (
			);
			name = Frameworks;
			sourceTree = "<group>";
		};
		B3BC02051C09CDA000C17F3A = {
			isa = PBXGroup;
			children = (
				CEFE42B41C0DDBD8001A56E0 /* netfox */,
				8229AD631F8FB34300A9D613 /* netfox_ios_demo */,
				B3BC02101C09CDA000C17F3A /* Products */,
				8229AD761F8FB4B500A9D613 /* Frameworks */,
			);
			sourceTree = "<group>";
		};
		B3BC02101C09CDA000C17F3A /* Products */ = {
			isa = PBXGroup;
			children = (
				B3BC020F1C09CDA000C17F3A /* netfox_ios.framework */,
				E20FD2E91C6912D400DCFF61 /* netfox_osx.framework */,
				8229AD621F8FB34300A9D613 /* netfox_ios_demo.app */,
			);
			name = Products;
			sourceTree = "<group>";
		};
		B3F8BA701C833ABC00F9FBEA /* Core */ = {
			isa = PBXGroup;
			children = (
				8A0000000000000000000001 /* NFX.swift */,
				8A0000000000000000000002 /* NFXAuthenticationChallengeSender.swift */,
				8A0000000000000000000003 /* NFXContent.swift */,
				8A0000000000000000000004 /* NFXHelper.swift */,
				8A0000000000000000000005 /* NFXHelper_iOS.swift */,
				8A0000000000000000000006 /* NFXHTTPModel.swift */,
				8A0000000000000000000007 /* NFXHTTPModelManager.swift */,
				8A0000000000000000000008 /* NFXMockServer.swift */,
				8A0000000000000000000009 /* NFXProtocol.swift */,
				8A0000000000000000000010 /* NFXStore.swift */,
			);
			path = Core;
			sourceTree = "<group>";
		};
		7C0000000000000000000003 /* Components */ = {
			isa = PBXGroup;
			children = (
				8A0000000000000000000023 /* NFXComponents.swift */,
			);
			path = Components;
			sourceTree = "<group>";
		};
		7C0000000000000000000004 /* Sharing */ = {
			isa = PBXGroup;
			children = (
				8A0000000000000000000024 /* NFXSharing.swift */,
			);
			path = Sharing;
			sourceTree = "<group>";
		};
		7C0000000000000000000005 /* Mac */ = {
			isa = PBXGroup;
			children = (
				8A0000000000000000000025 /* NFXMacRootView.swift */,
				8A0000000000000000000026 /* NFXMacWindowController.swift */,
			);
			path = Mac;
			sourceTree = "<group>";
		};
		7C0000000000000000000001 /* UI */ = {
			isa = PBXGroup;
			children = (
				8A0000000000000000000011 /* NetfoxView.swift */,
				8A0000000000000000000012 /* NFXBodyView.swift */,
				8A0000000000000000000013 /* NFXDetailsView.swift */,
				8A0000000000000000000014 /* NFXEmptyStateView.swift */,
				8A0000000000000000000015 /* NFXInfoView.swift */,
				8A0000000000000000000016 /* NFXNavigationContainer.swift */,
				8A0000000000000000000017 /* NFXQueryItemsView.swift */,
				8A0000000000000000000018 /* NFXRequestListView.swift */,
				8A0000000000000000000019 /* NFXRequestRowView.swift */,
				8A0000000000000000000020 /* NFXSettingsView.swift */,
				8A0000000000000000000021 /* NFXStatisticsView.swift */,
				8A0000000000000000000022 /* NFXTheme.swift */,
				7C0000000000000000000003 /* Components */,
				7C0000000000000000000004 /* Sharing */,
				7C0000000000000000000005 /* Mac */,
			);
			path = UI;
			sourceTree = "<group>";
		};
		CEFE42B41C0DDBD8001A56E0 /* netfox */ = {
			isa = PBXGroup;
			children = (
				B3F8BA701C833ABC00F9FBEA /* Core */,
				7C0000000000000000000001 /* UI */,
			);
			path = netfox;
			sourceTree = "<group>";
		};
/* End PBXGroup section */

/* Begin PBXHeadersBuildPhase section */
		B3BC020C1C09CDA000C17F3A /* Headers */ = {
			isa = PBXHeadersBuildPhase;
			buildActionMask = 2147483647;
			files = (
			);
			runOnlyForDeploymentPostprocessing = 0;
		};
		E20FD2E61C6912D400DCFF61 /* Headers */ = {
			isa = PBXHeadersBuildPhase;
			buildActionMask = 2147483647;
			files = (
			);
			runOnlyForDeploymentPostprocessing = 0;
		};
/* End PBXHeadersBuildPhase section */

/* Begin PBXNativeTarget section */
		8229AD611F8FB34300A9D613 /* netfox_ios_demo */ = {
			isa = PBXNativeTarget;
			buildConfigurationList = 8229AD711F8FB34300A9D613 /* Build configuration list for PBXNativeTarget "netfox_ios_demo" */;
			buildPhases = (
				8229AD5E1F8FB34300A9D613 /* Sources */,
				8229AD5F1F8FB34300A9D613 /* Frameworks */,
				8229AD601F8FB34300A9D613 /* Resources */,
				719756B5279C7EC500402E07 /* Embed Frameworks */,
			);
			buildRules = (
			);
			dependencies = (
				8229AD751F8FB37000A9D613 /* PBXTargetDependency */,
			);
			name = netfox_ios_demo;
			productName = netfox_ios_demo;
			productReference = 8229AD621F8FB34300A9D613 /* netfox_ios_demo.app */;
			productType = "com.apple.product-type.application";
		};
		B3BC020E1C09CDA000C17F3A /* netfox_ios */ = {
			isa = PBXNativeTarget;
			buildConfigurationList = B3BC02171C09CDA000C17F3A /* Build configuration list for PBXNativeTarget "netfox_ios" */;
			buildPhases = (
				B3BC020A1C09CDA000C17F3A /* Sources */,
				B3BC020B1C09CDA000C17F3A /* Frameworks */,
				B3BC020C1C09CDA000C17F3A /* Headers */,
				B3BC020D1C09CDA000C17F3A /* Resources */,
			);
			buildRules = (
			);
			dependencies = (
			);
			name = netfox_ios;
			productName = netfox;
			productReference = B3BC020F1C09CDA000C17F3A /* netfox_ios.framework */;
			productType = "com.apple.product-type.framework";
		};
		E20FD2E81C6912D400DCFF61 /* netfox_osx */ = {
			isa = PBXNativeTarget;
			buildConfigurationList = E20FD2F01C6912D400DCFF61 /* Build configuration list for PBXNativeTarget "netfox_osx" */;
			buildPhases = (
				E20FD2E41C6912D400DCFF61 /* Sources */,
				E20FD2E51C6912D400DCFF61 /* Frameworks */,
				E20FD2E61C6912D400DCFF61 /* Headers */,
				E20FD2E71C6912D400DCFF61 /* Resources */,
			);
			buildRules = (
			);
			dependencies = (
			);
			name = netfox_osx;
			productName = "netfox OS X";
			productReference = E20FD2E91C6912D400DCFF61 /* netfox_osx.framework */;
			productType = "com.apple.product-type.framework";
		};
/* End PBXNativeTarget section */

/* Begin PBXProject section */
		B3BC02061C09CDA000C17F3A /* Project object */ = {
			isa = PBXProject;
			attributes = {
				LastSwiftUpdateCheck = 0720;
				LastUpgradeCheck = 1310;
				ORGANIZATIONNAME = kasketis;
				TargetAttributes = {
					8229AD611F8FB34300A9D613 = {
						CreatedOnToolsVersion = 9.0;
						LastSwiftMigration = 1020;
						ProvisioningStyle = Automatic;
					};
					B3BC020E1C09CDA000C17F3A = {
						CreatedOnToolsVersion = 7.1.1;
						LastSwiftMigration = 1020;
					};
					E20FD2E81C6912D400DCFF61 = {
						CreatedOnToolsVersion = 7.2.1;
						LastSwiftMigration = 0900;
					};
				};
			};
			buildConfigurationList = B3BC02091C09CDA000C17F3A /* Build configuration list for PBXProject "netfox" */;
			compatibilityVersion = "Xcode 3.2";
			developmentRegion = en;
			hasScannedForEncodings = 0;
			knownRegions = (
				en,
				Base,
			);
			mainGroup = B3BC02051C09CDA000C17F3A;
			productRefGroup = B3BC02101C09CDA000C17F3A /* Products */;
			projectDirPath = "";
			projectRoot = "";
			targets = (
				B3BC020E1C09CDA000C17F3A /* netfox_ios */,
				E20FD2E81C6912D400DCFF61 /* netfox_osx */,
				8229AD611F8FB34300A9D613 /* netfox_ios_demo */,
			);
		};
/* End PBXProject section */

/* Begin PBXResourcesBuildPhase section */
		8229AD601F8FB34300A9D613 /* Resources */ = {
			isa = PBXResourcesBuildPhase;
			buildActionMask = 2147483647;
			files = (
				8229AD6C1F8FB34300A9D613 /* Assets.xcassets in Resources */,
			);
			runOnlyForDeploymentPostprocessing = 0;
		};
		B3BC020D1C09CDA000C17F3A /* Resources */ = {
			isa = PBXResourcesBuildPhase;
			buildActionMask = 2147483647;
			files = (
			);
			runOnlyForDeploymentPostprocessing = 0;
		};
		E20FD2E71C6912D400DCFF61 /* Resources */ = {
			isa = PBXResourcesBuildPhase;
			buildActionMask = 2147483647;
			files = (
			);
			runOnlyForDeploymentPostprocessing = 0;
		};
/* End PBXResourcesBuildPhase section */

/* Begin PBXSourcesBuildPhase section */
		8229AD5E1F8FB34300A9D613 /* Sources */ = {
			isa = PBXSourcesBuildPhase;
			buildActionMask = 2147483647;
			files = (
				8229AD651F8FB34300A9D613 /* AppDelegate.swift in Sources */,
				026274F1214C6BF000AE1BDF /* SceneDelegate.swift in Sources */,
				AB0000000000000000000002 /* DemoRootView.swift in Sources */,
				AB0000000000000000000050 /* Scenario.swift in Sources */,
				AB0000000000000000000051 /* ScenarioRunner.swift in Sources */,
				AB0000000000000000000052 /* ScenariosView.swift in Sources */,
			);
			runOnlyForDeploymentPostprocessing = 0;
		};
		B3BC020A1C09CDA000C17F3A /* Sources */ = {
			isa = PBXSourcesBuildPhase;
			buildActionMask = 2147483647;
			files = (
				9B0000000000000000000011 /* NFX.swift in Sources */,
				9B0000000000000000000021 /* NFXAuthenticationChallengeSender.swift in Sources */,
				9B0000000000000000000031 /* NFXContent.swift in Sources */,
				9B0000000000000000000041 /* NFXHelper.swift in Sources */,
				9B0000000000000000000051 /* NFXHelper_iOS.swift in Sources */,
				9B0000000000000000000061 /* NFXHTTPModel.swift in Sources */,
				9B0000000000000000000071 /* NFXHTTPModelManager.swift in Sources */,
				9B0000000000000000000081 /* NFXMockServer.swift in Sources */,
				9B0000000000000000000091 /* NFXProtocol.swift in Sources */,
				9B0000000000000000000101 /* NFXStore.swift in Sources */,
				9B0000000000000000000111 /* NetfoxView.swift in Sources */,
				9B0000000000000000000121 /* NFXBodyView.swift in Sources */,
				9B0000000000000000000131 /* NFXDetailsView.swift in Sources */,
				9B0000000000000000000141 /* NFXEmptyStateView.swift in Sources */,
				9B0000000000000000000151 /* NFXInfoView.swift in Sources */,
				9B0000000000000000000161 /* NFXNavigationContainer.swift in Sources */,
				9B0000000000000000000171 /* NFXQueryItemsView.swift in Sources */,
				9B0000000000000000000181 /* NFXRequestListView.swift in Sources */,
				9B0000000000000000000191 /* NFXRequestRowView.swift in Sources */,
				9B0000000000000000000201 /* NFXSettingsView.swift in Sources */,
				9B0000000000000000000211 /* NFXStatisticsView.swift in Sources */,
				9B0000000000000000000221 /* NFXTheme.swift in Sources */,
				9B0000000000000000000231 /* NFXComponents.swift in Sources */,
				9B0000000000000000000241 /* NFXSharing.swift in Sources */,
				9B0000000000000000000251 /* NFXMacRootView.swift in Sources */,
				9B0000000000000000000261 /* NFXMacWindowController.swift in Sources */,
			);
			runOnlyForDeploymentPostprocessing = 0;
		};
		E20FD2E41C6912D400DCFF61 /* Sources */ = {
			isa = PBXSourcesBuildPhase;
			buildActionMask = 2147483647;
			files = (
				9B0000000000000000000012 /* NFX.swift in Sources */,
				9B0000000000000000000022 /* NFXAuthenticationChallengeSender.swift in Sources */,
				9B0000000000000000000032 /* NFXContent.swift in Sources */,
				9B0000000000000000000042 /* NFXHelper.swift in Sources */,
				9B0000000000000000000052 /* NFXHelper_iOS.swift in Sources */,
				9B0000000000000000000062 /* NFXHTTPModel.swift in Sources */,
				9B0000000000000000000072 /* NFXHTTPModelManager.swift in Sources */,
				9B0000000000000000000082 /* NFXMockServer.swift in Sources */,
				9B0000000000000000000092 /* NFXProtocol.swift in Sources */,
				9B0000000000000000000102 /* NFXStore.swift in Sources */,
				9B0000000000000000000112 /* NetfoxView.swift in Sources */,
				9B0000000000000000000122 /* NFXBodyView.swift in Sources */,
				9B0000000000000000000132 /* NFXDetailsView.swift in Sources */,
				9B0000000000000000000142 /* NFXEmptyStateView.swift in Sources */,
				9B0000000000000000000152 /* NFXInfoView.swift in Sources */,
				9B0000000000000000000162 /* NFXNavigationContainer.swift in Sources */,
				9B0000000000000000000172 /* NFXQueryItemsView.swift in Sources */,
				9B0000000000000000000182 /* NFXRequestListView.swift in Sources */,
				9B0000000000000000000192 /* NFXRequestRowView.swift in Sources */,
				9B0000000000000000000202 /* NFXSettingsView.swift in Sources */,
				9B0000000000000000000212 /* NFXStatisticsView.swift in Sources */,
				9B0000000000000000000222 /* NFXTheme.swift in Sources */,
				9B0000000000000000000232 /* NFXComponents.swift in Sources */,
				9B0000000000000000000242 /* NFXSharing.swift in Sources */,
				9B0000000000000000000252 /* NFXMacRootView.swift in Sources */,
				9B0000000000000000000262 /* NFXMacWindowController.swift in Sources */,
			);
			runOnlyForDeploymentPostprocessing = 0;
		};
/* End PBXSourcesBuildPhase section */

/* Begin PBXTargetDependency section */
		8229AD751F8FB37000A9D613 /* PBXTargetDependency */ = {
			isa = PBXTargetDependency;
			target = B3BC020E1C09CDA000C17F3A /* netfox_ios */;
			targetProxy = 8229AD741F8FB37000A9D613 /* PBXContainerItemProxy */;
		};
/* End PBXTargetDependency section */


/* Begin XCBuildConfiguration section */
		8229AD721F8FB34300A9D613 /* Debug */ = {
			isa = XCBuildConfiguration;
			buildSettings = {
				ASSETCATALOG_COMPILER_APPICON_NAME = AppIcon;
				CLANG_ANALYZER_NONNULL = YES;
				CLANG_ANALYZER_NUMBER_OBJECT_CONVERSION = YES_AGGRESSIVE;
				CLANG_CXX_LANGUAGE_STANDARD = "gnu++14";
				CLANG_WARN_BLOCK_CAPTURE_AUTORELEASING = YES;
				CLANG_WARN_COMMA = YES;
				CLANG_WARN_DOCUMENTATION_COMMENTS = YES;
				CLANG_WARN_NON_LITERAL_NULL_CONVERSION = YES;
				CLANG_WARN_OBJC_LITERAL_CONVERSION = YES;
				CLANG_WARN_RANGE_LOOP_ANALYSIS = YES;
				CLANG_WARN_STRICT_PROTOTYPES = YES;
				CLANG_WARN_UNGUARDED_AVAILABILITY = YES_AGGRESSIVE;
				CODE_SIGN_IDENTITY = "iPhone Developer";
				CODE_SIGN_STYLE = Automatic;
				GCC_C_LANGUAGE_STANDARD = gnu11;
				INFOPLIST_FILE = netfox_ios_demo/Info.plist;
				IPHONEOS_DEPLOYMENT_TARGET = 17.0;
				LD_RUNPATH_SEARCH_PATHS = "$(inherited) @executable_path/Frameworks";
				PRODUCT_BUNDLE_IDENTIFIER = "com.kasketis.netfox-demo-iOS";
				PRODUCT_NAME = "$(TARGET_NAME)";
				SWIFT_ACTIVE_COMPILATION_CONDITIONS = DEBUG;
				SWIFT_VERSION = 5.0;
				TARGETED_DEVICE_FAMILY = "1,2";
			};
			name = Debug;
		};
		8229AD731F8FB34300A9D613 /* Release */ = {
			isa = XCBuildConfiguration;
			buildSettings = {
				ASSETCATALOG_COMPILER_APPICON_NAME = AppIcon;
				CLANG_ANALYZER_NONNULL = YES;
				CLANG_ANALYZER_NUMBER_OBJECT_CONVERSION = YES_AGGRESSIVE;
				CLANG_CXX_LANGUAGE_STANDARD = "gnu++14";
				CLANG_WARN_BLOCK_CAPTURE_AUTORELEASING = YES;
				CLANG_WARN_COMMA = YES;
				CLANG_WARN_DOCUMENTATION_COMMENTS = YES;
				CLANG_WARN_NON_LITERAL_NULL_CONVERSION = YES;
				CLANG_WARN_OBJC_LITERAL_CONVERSION = YES;
				CLANG_WARN_RANGE_LOOP_ANALYSIS = YES;
				CLANG_WARN_STRICT_PROTOTYPES = YES;
				CLANG_WARN_UNGUARDED_AVAILABILITY = YES_AGGRESSIVE;
				CODE_SIGN_IDENTITY = "iPhone Developer";
				CODE_SIGN_STYLE = Automatic;
				GCC_C_LANGUAGE_STANDARD = gnu11;
				INFOPLIST_FILE = netfox_ios_demo/Info.plist;
				IPHONEOS_DEPLOYMENT_TARGET = 17.0;
				LD_RUNPATH_SEARCH_PATHS = "$(inherited) @executable_path/Frameworks";
				PRODUCT_BUNDLE_IDENTIFIER = "com.kasketis.netfox-demo-iOS";
				PRODUCT_NAME = "$(TARGET_NAME)";
				SWIFT_VERSION = 5.0;
				TARGETED_DEVICE_FAMILY = "1,2";
			};
			name = Release;
		};
		B3BC02151C09CDA000C17F3A /* Debug */ = {
			isa = XCBuildConfiguration;
			buildSettings = {
				ALWAYS_SEARCH_USER_PATHS = NO;
				CLANG_ANALYZER_LOCALIZABILITY_NONLOCALIZED = YES;
				CLANG_CXX_LANGUAGE_STANDARD = "gnu++0x";
				CLANG_CXX_LIBRARY = "libc++";
				CLANG_ENABLE_MODULES = YES;
				CLANG_ENABLE_OBJC_ARC = YES;
				CLANG_WARN_BLOCK_CAPTURE_AUTORELEASING = YES;
				CLANG_WARN_BOOL_CONVERSION = YES;
				CLANG_WARN_COMMA = YES;
				CLANG_WARN_CONSTANT_CONVERSION = YES;
				CLANG_WARN_DEPRECATED_OBJC_IMPLEMENTATIONS = YES;
				CLANG_WARN_DIRECT_OBJC_ISA_USAGE = YES_ERROR;
				CLANG_WARN_EMPTY_BODY = YES;
				CLANG_WARN_ENUM_CONVERSION = YES;
				CLANG_WARN_INFINITE_RECURSION = YES;
				CLANG_WARN_INT_CONVERSION = YES;
				CLANG_WARN_NON_LITERAL_NULL_CONVERSION = YES;
				CLANG_WARN_OBJC_IMPLICIT_RETAIN_SELF = YES;
				CLANG_WARN_OBJC_LITERAL_CONVERSION = YES;
				CLANG_WARN_OBJC_ROOT_CLASS = YES_ERROR;
				CLANG_WARN_QUOTED_INCLUDE_IN_FRAMEWORK_HEADER = YES;
				CLANG_WARN_RANGE_LOOP_ANALYSIS = YES;
				CLANG_WARN_STRICT_PROTOTYPES = YES;
				CLANG_WARN_SUSPICIOUS_MOVE = YES;
				CLANG_WARN_UNREACHABLE_CODE = YES;
				CLANG_WARN__DUPLICATE_METHOD_MATCH = YES;
				"CODE_SIGN_IDENTITY[sdk=iphoneos*]" = "iPhone Developer";
				COPY_PHASE_STRIP = NO;
				CURRENT_PROJECT_VERSION = 1;
				DEBUG_INFORMATION_FORMAT = dwarf;
				ENABLE_STRICT_OBJC_MSGSEND = YES;
				ENABLE_TESTABILITY = YES;
				GCC_C_LANGUAGE_STANDARD = gnu99;
				GCC_DYNAMIC_NO_PIC = NO;
				GCC_NO_COMMON_BLOCKS = YES;
				GCC_OPTIMIZATION_LEVEL = 0;
				GCC_PREPROCESSOR_DEFINITIONS = (
					"DEBUG=1",
					"$(inherited)",
				);
				GCC_WARN_64_TO_32_BIT_CONVERSION = YES;
				GCC_WARN_ABOUT_RETURN_TYPE = YES_ERROR;
				GCC_WARN_UNDECLARED_SELECTOR = YES;
				GCC_WARN_UNINITIALIZED_AUTOS = YES_AGGRESSIVE;
				GCC_WARN_UNUSED_FUNCTION = YES;
				GCC_WARN_UNUSED_VARIABLE = YES;
				IPHONEOS_DEPLOYMENT_TARGET = 15.0;
				MACOSX_DEPLOYMENT_TARGET = 12.0;
				MTL_ENABLE_DEBUG_INFO = YES;
				ONLY_ACTIVE_ARCH = YES;
				SDKROOT = iphoneos;
				SWIFT_OPTIMIZATION_LEVEL = "-Onone";
				TARGETED_DEVICE_FAMILY = "1,2";
				VERSIONING_SYSTEM = "apple-generic";
				VERSION_INFO_PREFIX = "";
			};
			name = Debug;
		};
		B3BC02161C09CDA000C17F3A /* Release */ = {
			isa = XCBuildConfiguration;
			buildSettings = {
				ALWAYS_SEARCH_USER_PATHS = NO;
				CLANG_ANALYZER_LOCALIZABILITY_NONLOCALIZED = YES;
				CLANG_CXX_LANGUAGE_STANDARD = "gnu++0x";
				CLANG_CXX_LIBRARY = "libc++";
				CLANG_ENABLE_MODULES = YES;
				CLANG_ENABLE_OBJC_ARC = YES;
				CLANG_WARN_BLOCK_CAPTURE_AUTORELEASING = YES;
				CLANG_WARN_BOOL_CONVERSION = YES;
				CLANG_WARN_COMMA = YES;
				CLANG_WARN_CONSTANT_CONVERSION = YES;
				CLANG_WARN_DEPRECATED_OBJC_IMPLEMENTATIONS = YES;
				CLANG_WARN_DIRECT_OBJC_ISA_USAGE = YES_ERROR;
				CLANG_WARN_EMPTY_BODY = YES;
				CLANG_WARN_ENUM_CONVERSION = YES;
				CLANG_WARN_INFINITE_RECURSION = YES;
				CLANG_WARN_INT_CONVERSION = YES;
				CLANG_WARN_NON_LITERAL_NULL_CONVERSION = YES;
				CLANG_WARN_OBJC_IMPLICIT_RETAIN_SELF = YES;
				CLANG_WARN_OBJC_LITERAL_CONVERSION = YES;
				CLANG_WARN_OBJC_ROOT_CLASS = YES_ERROR;
				CLANG_WARN_QUOTED_INCLUDE_IN_FRAMEWORK_HEADER = YES;
				CLANG_WARN_RANGE_LOOP_ANALYSIS = YES;
				CLANG_WARN_STRICT_PROTOTYPES = YES;
				CLANG_WARN_SUSPICIOUS_MOVE = YES;
				CLANG_WARN_UNREACHABLE_CODE = YES;
				CLANG_WARN__DUPLICATE_METHOD_MATCH = YES;
				"CODE_SIGN_IDENTITY[sdk=iphoneos*]" = "iPhone Developer";
				COPY_PHASE_STRIP = NO;
				CURRENT_PROJECT_VERSION = 1;
				DEBUG_INFORMATION_FORMAT = "dwarf-with-dsym";
				ENABLE_NS_ASSERTIONS = NO;
				ENABLE_STRICT_OBJC_MSGSEND = YES;
				GCC_C_LANGUAGE_STANDARD = gnu99;
				GCC_NO_COMMON_BLOCKS = YES;
				GCC_WARN_64_TO_32_BIT_CONVERSION = YES;
				GCC_WARN_ABOUT_RETURN_TYPE = YES_ERROR;
				GCC_WARN_UNDECLARED_SELECTOR = YES;
				GCC_WARN_UNINITIALIZED_AUTOS = YES_AGGRESSIVE;
				GCC_WARN_UNUSED_FUNCTION = YES;
				GCC_WARN_UNUSED_VARIABLE = YES;
				IPHONEOS_DEPLOYMENT_TARGET = 15.0;
				MACOSX_DEPLOYMENT_TARGET = 12.0;
				MTL_ENABLE_DEBUG_INFO = NO;
				SDKROOT = iphoneos;
				SWIFT_OPTIMIZATION_LEVEL = "-Owholemodule";
				TARGETED_DEVICE_FAMILY = "1,2";
				VALIDATE_PRODUCT = YES;
				VERSIONING_SYSTEM = "apple-generic";
				VERSION_INFO_PREFIX = "";
			};
			name = Release;
		};
		B3BC02181C09CDA000C17F3A /* Debug */ = {
			isa = XCBuildConfiguration;
			buildSettings = {
				CLANG_ENABLE_MODULES = YES;
				"CODE_SIGN_IDENTITY[sdk=iphoneos*]" = "";
				DEFINES_MODULE = YES;
				DYLIB_COMPATIBILITY_VERSION = 1;
				DYLIB_CURRENT_VERSION = 1;
				DYLIB_INSTALL_NAME_BASE = "@rpath";
				INFOPLIST_FILE = "netfox-info.plist";
				INSTALL_PATH = "$(LOCAL_LIBRARY_DIR)/Frameworks";
				IPHONEOS_DEPLOYMENT_TARGET = 15.0;
				LD_RUNPATH_SEARCH_PATHS = "$(inherited) @executable_path/Frameworks @loader_path/Frameworks";
				MARKETING_VERSION = 2.0.0;
				PRODUCT_BUNDLE_IDENTIFIER = "com.kasketis.netfox-iOS";
				PRODUCT_NAME = "$(TARGET_NAME)";
				SKIP_INSTALL = YES;
				SWIFT_OPTIMIZATION_LEVEL = "-Onone";
				SWIFT_VERSION = 5.0;
			};
			name = Debug;
		};
		B3BC02191C09CDA000C17F3A /* Release */ = {
			isa = XCBuildConfiguration;
			buildSettings = {
				CLANG_ENABLE_MODULES = YES;
				"CODE_SIGN_IDENTITY[sdk=iphoneos*]" = "";
				DEFINES_MODULE = YES;
				DYLIB_COMPATIBILITY_VERSION = 1;
				DYLIB_CURRENT_VERSION = 1;
				DYLIB_INSTALL_NAME_BASE = "@rpath";
				INFOPLIST_FILE = "netfox-info.plist";
				INSTALL_PATH = "$(LOCAL_LIBRARY_DIR)/Frameworks";
				IPHONEOS_DEPLOYMENT_TARGET = 15.0;
				LD_RUNPATH_SEARCH_PATHS = "$(inherited) @executable_path/Frameworks @loader_path/Frameworks";
				MARKETING_VERSION = 2.0.0;
				PRODUCT_BUNDLE_IDENTIFIER = "com.kasketis.netfox-iOS";
				PRODUCT_NAME = "$(TARGET_NAME)";
				SKIP_INSTALL = YES;
				SWIFT_VERSION = 5.0;
			};
			name = Release;
		};
		E20FD2EE1C6912D400DCFF61 /* Debug */ = {
			isa = XCBuildConfiguration;
			buildSettings = {
				CLANG_ENABLE_MODULES = YES;
				CODE_SIGN_IDENTITY = "-";
				COMBINE_HIDPI_IMAGES = YES;
				DEFINES_MODULE = YES;
				DYLIB_COMPATIBILITY_VERSION = 1;
				DYLIB_CURRENT_VERSION = 1;
				DYLIB_INSTALL_NAME_BASE = "@rpath";
				FRAMEWORK_VERSION = A;
				GCC_PREPROCESSOR_DEFINITIONS = (
					"DEBUG=1",
					"$(inherited)",
					"OSX=YES",
				);
				INFOPLIST_FILE = "netfox-info.plist";
				INSTALL_PATH = "$(LOCAL_LIBRARY_DIR)/Frameworks";
				LD_RUNPATH_SEARCH_PATHS = "$(inherited) @executable_path/../Frameworks @loader_path/Frameworks";
				MACOSX_DEPLOYMENT_TARGET = 12.0;
				MARKETING_VERSION = 2.0.0;
				PRODUCT_BUNDLE_IDENTIFIER = "com.kasketis.netfox-OSX";
				PRODUCT_NAME = "$(TARGET_NAME)";
				SDKROOT = macosx;
				SKIP_INSTALL = YES;
				SWIFT_OPTIMIZATION_LEVEL = "-Onone";
				SWIFT_VERSION = 5.0;
			};
			name = Debug;
		};
		E20FD2EF1C6912D400DCFF61 /* Release */ = {
			isa = XCBuildConfiguration;
			buildSettings = {
				CLANG_ENABLE_MODULES = YES;
				CODE_SIGN_IDENTITY = "-";
				COMBINE_HIDPI_IMAGES = YES;
				DEFINES_MODULE = YES;
				DYLIB_COMPATIBILITY_VERSION = 1;
				DYLIB_CURRENT_VERSION = 1;
				DYLIB_INSTALL_NAME_BASE = "@rpath";
				FRAMEWORK_VERSION = A;
				GCC_PREPROCESSOR_DEFINITIONS = "OSX=YES";
				INFOPLIST_FILE = "netfox-info.plist";
				INSTALL_PATH = "$(LOCAL_LIBRARY_DIR)/Frameworks";
				LD_RUNPATH_SEARCH_PATHS = "$(inherited) @executable_path/../Frameworks @loader_path/Frameworks";
				MACOSX_DEPLOYMENT_TARGET = 12.0;
				MARKETING_VERSION = 2.0.0;
				PRODUCT_BUNDLE_IDENTIFIER = "com.kasketis.netfox-OSX";
				PRODUCT_NAME = "$(TARGET_NAME)";
				SDKROOT = macosx;
				SKIP_INSTALL = YES;
				SWIFT_VERSION = 5.0;
			};
			name = Release;
		};
/* End XCBuildConfiguration section */

/* Begin XCConfigurationList section */
		8229AD711F8FB34300A9D613 /* Build configuration list for PBXNativeTarget "netfox_ios_demo" */ = {
			isa = XCConfigurationList;
			buildConfigurations = (
				8229AD721F8FB34300A9D613 /* Debug */,
				8229AD731F8FB34300A9D613 /* Release */,
			);
			defaultConfigurationIsVisible = 0;
			defaultConfigurationName = Release;
		};
		B3BC02091C09CDA000C17F3A /* Build configuration list for PBXProject "netfox" */ = {
			isa = XCConfigurationList;
			buildConfigurations = (
				B3BC02151C09CDA000C17F3A /* Debug */,
				B3BC02161C09CDA000C17F3A /* Release */,
			);
			defaultConfigurationIsVisible = 0;
			defaultConfigurationName = Release;
		};
		B3BC02171C09CDA000C17F3A /* Build configuration list for PBXNativeTarget "netfox_ios" */ = {
			isa = XCConfigurationList;
			buildConfigurations = (
				B3BC02181C09CDA000C17F3A /* Debug */,
				B3BC02191C09CDA000C17F3A /* Release */,
			);
			defaultConfigurationIsVisible = 0;
			defaultConfigurationName = Release;
		};
		E20FD2F01C6912D400DCFF61 /* Build configuration list for PBXNativeTarget "netfox_osx" */ = {
			isa = XCConfigurationList;
			buildConfigurations = (
				E20FD2EE1C6912D400DCFF61 /* Debug */,
				E20FD2EF1C6912D400DCFF61 /* Release */,
			);
			defaultConfigurationIsVisible = 0;
			defaultConfigurationName = Release;
		};
/* End XCConfigurationList section */
	};
	rootObject = B3BC02061C09CDA000C17F3A /* Project object */;
}
